
Microsoft Visual Studio Solution File, Format Version 12.00
# Visual Studio 15
VisualStudioVersion = 15.0.27004.2009
MinimumVisualStudioVersion = 10.0.40219.1
Project("{FAE04EC0-301F-11D3-BF4B-00C04F79EFBC}") = "API_Calling", "API_Calling\API_Calling.csproj", "{F4130254-1345-4FF7-B851-DFC0849B37DB}"
EndProject
Project("{FAE04EC0-301F-11D3-BF4B-00C04F79EFBC}") = "Pokemon", "Pokemon\Pokemon.csproj", "{C048006C-5D9D-410C-B2F1-18D081180638}"
EndProject
Project("{FAE04EC0-301F-11D3-BF4B-00C04F79EFBC}") = "SlackAPI", "SlackAPI\SlackAPI.csproj", "{894C11CE-59BE-4AC5-A661-FAECEA69224D}"
EndProject
Global
	GlobalSection(SolutionConfigurationPlatforms) = preSolution
		Debug|Any CPU = Debug|Any CPU
		Release|Any CPU = Release|Any CPU
	EndGlobalSection
	GlobalSection(ProjectConfigurationPlatforms) = postSolution
		{F4130254-1345-4FF7-B851-DFC0849B37DB}.Debug|Any CPU.ActiveCfg = Debug|Any CPU
		{F4130254-1345-4FF7-B851-DFC0849B37DB}.Debug|Any CPU.Build.0 = Debug|Any CPU
		{F4130254-1345-4FF7-B851-DFC0849B37DB}.Release|Any CPU.ActiveCfg = Release|Any CPU
		{F4130254-1345-4FF7-B851-DFC0849B37DB}.Release|Any CPU.Build.0 = Release|Any CPU
		{C048006C-5D9D-410C-B2F1-18D081180638}.Debug|Any CPU.ActiveCfg = Debug|Any CPU
		{C048006C-5D9D-410C-B2F1-18D081180638}.Debug|Any CPU.Build.0 = Debug|Any CPU
		{C048006C-5D9D-410C-B2F1-18D081180638}.Release|Any CPU.ActiveCfg = Release|Any CPU
		{C048006C-5D9D-410C-B2F1-18D081180638}.Release|Any CPU.Build.0 = Release|Any CPU
		{894C11CE-59BE-4AC5-A661-FAECEA69224D}.Debug|Any CPU.ActiveCfg = Debug|Any CPU
		{894C11CE-59BE-4AC5-A661-FAECEA69224D}.Debug|Any CPU.Build.0 = Debug|Any CPU
		{894C11CE-59BE-4AC5-A661-FAECEA69224D}.Release|Any CPU.ActiveCfg = Release|Any CPU
		{894C11CE-59BE-4AC5-A661-FAECEA69224D}.Release|Any CPU.Build.0 = Release|Any CPU
	EndGlobalSection
	GlobalSection(SolutionProperties) = preSolution
		HideSolutionNode = FALSE
	EndGlobalSection
	GlobalSection(ExtensibilityGlobals) = postSolution
		SolutionGuid = {F9F9B4DB-45A6-4602-B3D6-D488171F3D05}
	EndGlobalSection
EndGlobal
